# THIS IS AN AUTOGENERATED FILE. DO NOT EDIT THIS FILE DIRECTLY.
# yarn lockfile v1


react-native-voice@^0.2.6:
  version "0.2.6"
  resolved "https://registry.yarnpkg.com/react-native-voice/-/react-native-voice-0.2.6.tgz#f6c67fac932a511475ddc4c7b6ff0efeb540cc19"
  integrity sha512-WeNlNNtYDxwyym203yzjTDDCH9iLThi24W85p0oP/0DS9jZ6B6WsPYidWyKg6Qv1TrOq/gHz9vwQLZforM7u3w==
